
Microsoft Visual Studio Solution File, Format Version 12.00
# Visual Studio Version 16
VisualStudioVersion = 16.0.31624.102
MinimumVisualStudioVersion = 10.0.40219.1
Project("{FAE04EC0-301F-11D3-BF4B-00C04F79EFBC}") = "NoteAppUI", "NoteAppUI\NoteAppUI.csproj", "{216F62BB-5BB5-4B11-B08F-A5778C7454BB}"
EndProject
Project("{FAE04EC0-301F-11D3-BF4B-00C04F79EFBC}") = "NoteApp", "NoteApp\NoteApp.csproj", "{13BBA67B-7943-4090-8401-59C34C74DB8E}"
EndProject
Global
	GlobalSection(SolutionConfigurationPlatforms) = preSolution
		Debug|Any CPU = Debug|Any CPU
		Release|Any CPU = Release|Any CPU
	EndGlobalSection
	GlobalSection(ProjectConfigurationPlatforms) = postSolution
		{216F62BB-5BB5-4B11-B08F-A5778C7454BB}.Debug|Any CPU.ActiveCfg = Debug|Any CPU
		{216F62BB-5BB5-4B11-B08F-A5778C7454BB}.Debug|Any CPU.Build.0 = Debug|Any CPU
		{216F62BB-5BB5-4B11-B08F-A5778C7454BB}.Release|Any CPU.ActiveCfg = Release|Any CPU
		{216F62BB-5BB5-4B11-B08F-A5778C7454BB}.Release|Any CPU.Build.0 = Release|Any CPU
		{13BBA67B-7943-4090-8401-59C34C74DB8E}.Debug|Any CPU.ActiveCfg = Debug|Any CPU
		{13BBA67B-7943-4090-8401-59C34C74DB8E}.Debug|Any CPU.Build.0 = Debug|Any CPU
		{13BBA67B-7943-4090-8401-59C34C74DB8E}.Release|Any CPU.ActiveCfg = Release|Any CPU
		{13BBA67B-7943-4090-8401-59C34C74DB8E}.Release|Any CPU.Build.0 = Release|Any CPU
	EndGlobalSection
	GlobalSection(SolutionProperties) = preSolution
		HideSolutionNode = FALSE
	EndGlobalSection
	GlobalSection(ExtensibilityGlobals) = postSolution
		SolutionGuid = {1644C463-C8B2-448C-9E8C-0004FA64E58D}
	EndGlobalSection
EndGlobal
